
Microsoft Visual Studio Solution File, Format Version 12.00
# Visual Studio Version 16
VisualStudioVersion = 16.0.32002.261
MinimumVisualStudioVersion = 10.0.40219.1
Project("{FAE04EC0-301F-11D3-BF4B-00C04F79EFBC}") = "Slipspace", "Slipspace\Slipspace.csproj", "{CD40FFAC-27CF-4FEC-AF49-765DC5F20880}"
EndProject
Project("{FAE04EC0-301F-11D3-BF4B-00C04F79EFBC}") = "Slipspace.Zeta", "Slipspace.Zeta\Slipspace.Zeta.csproj", "{E813456D-A2F4-4F10-A0B1-8EA5A0121442}"
EndProject
Global
	GlobalSection(SolutionConfigurationPlatforms) = preSolution
		Debug|Any CPU = Debug|Any CPU
		Release|Any CPU = Release|Any CPU
	EndGlobalSection
	GlobalSection(ProjectConfigurationPlatforms) = postSolution
		{CD40FFAC-27CF-4FEC-AF49-765DC5F20880}.Debug|Any CPU.ActiveCfg = Debug|Any CPU
		{CD40FFAC-27CF-4FEC-AF49-765DC5F20880}.Debug|Any CPU.Build.0 = Debug|Any CPU
		{CD40FFAC-27CF-4FEC-AF49-765DC5F20880}.Release|Any CPU.ActiveCfg = Release|Any CPU
		{CD40FFAC-27CF-4FEC-AF49-765DC5F20880}.Release|Any CPU.Build.0 = Release|Any CPU
		{E813456D-A2F4-4F10-A0B1-8EA5A0121442}.Debug|Any CPU.ActiveCfg = Debug|Any CPU
		{E813456D-A2F4-4F10-A0B1-8EA5A0121442}.Debug|Any CPU.Build.0 = Debug|Any CPU
		{E813456D-A2F4-4F10-A0B1-8EA5A0121442}.Release|Any CPU.ActiveCfg = Release|Any CPU
		{E813456D-A2F4-4F10-A0B1-8EA5A0121442}.Release|Any CPU.Build.0 = Release|Any CPU
	EndGlobalSection
	GlobalSection(SolutionProperties) = preSolution
		HideSolutionNode = FALSE
	EndGlobalSection
	GlobalSection(ExtensibilityGlobals) = postSolution
		SolutionGuid = {9FF47EE9-7C31-4901-B53B-8F97DC879C8B}
	EndGlobalSection
EndGlobal
